<?xml version="1.0" encoding="utf-8"?>
<Project ToolsVersion="4.0" xmlns="http://schemas.microsoft.com/developer/msbuild/2003">
  <ItemGroup>
    <Filter Include="Source Files">
      <UniqueIdentifier>{4FC737F1-C7A5-4376-A066-2A32D752A2FF}</UniqueIdentifier>
      <Extensions>cpp;c;cc;cxx;def;odl;idl;hpj;bat;asm;asmx</Extensions>
    </Filter>
    <Filter Include="Resource Files">
      <UniqueIdentifier>{67DA6AB6-F800-4c08-8B7A-83BB121AAD01}</UniqueIdentifier>
      <Extensions>rc;ico;cur;bmp;dlg;rc2;rct;bin;rgs;gif;jpg;jpeg;jpe;resx;tiff;tif;png;wav;mfcribbon-ms</Extensions>
    </Filter>
    <Filter Include="HAL Source">
      <UniqueIdentifier>{ec516376-8c1b-4dbb-8a90-63fda8f0b9f5}</UniqueIdentifier>
    </Filter>
    <Filter Include="Header Files">
      <UniqueIdentifier>{8517392e-25ee-47fc-bf20-11302441af93}</UniqueIdentifier>
    </Filter>
    <Filter Include="FatFs Source">
      <UniqueIdentifier>{81053edc-488f-443e-8248-deb499aec73c}</UniqueIdentifier>
    </Filter>
    <Filter Include="STM32_USB_Host_Library">
      <UniqueIdentifier>{2e1c79a7-7622-4fd8-a9dc-3c7c15b8ece4}</UniqueIdentifier>
    </Filter>
    <Filter Include="STM32_USB_Host_Library\Core">
      <UniqueIdentifier>{58f9f9b9-b81c-4ec4-881d-c210e874b1e9}</UniqueIdentifier>
    </Filter>
    <Filter Include="STM32_USB_Host_Library\MSC">
      <UniqueIdentifier>{420a8c25-329d-475b-8566-5ad23cbf6cea}</UniqueIdentifier>
    </Filter>
    <Filter Include="LwIP">
      <UniqueIdentifier>{2a00811a-7daf-4f22-ac31-ae9d2c50784f}</UniqueIdentifier>
    </Filter>
    <Filter Include="LwIP\core">
      <UniqueIdentifier>{ed2eac83-7270-4005-8a7f-09957ea145d6}</UniqueIdentifier>
    </Filter>
    <Filter Include="LwIP\core\ipv4">
      <UniqueIdentifier>{dce78fa7-7c49-4198-9dc0-1afbf1e84d69}</UniqueIdentifier>
    </Filter>
  </ItemGroup>
  <ItemGroup>
    <ClCompile Include="..\Src\main.c">
      <Filter>Source Files</Filter>
    </ClCompile>
    <ClCompile Include="..\Src\stm32f4xx_it.c">
      <Filter>Source Files</Filter>
    </ClCompile>
    <ClCompile Include="..\Src\system_stm32f4xx.c">
      <Filter>Source Files</Filter>
    </ClCompile>
    <ClCompile Include="..\Src\Pwm.c">
      <Filter>Source Files</Filter>
    </ClCompile>
    <ClCompile Include="..\Src\RadioTransmit.c">
      <Filter>Source Files</Filter>
    </ClCompile>
    <ClCompile Include="..\Src\Util.c">
      <Filter>Source Files</Filter>
    </ClCompile>
    <ClCompile Include="..\Src\ErrorHandler.c">
      <Filter>Source Files</Filter>
    </ClCompile>
    <ClCompile Include="..\Src\Crc.c">
      <Filter>Source Files</Filter>
    </ClCompile>
    <ClCompile Include="..\Src\Adc.c">
      <Filter>Source Files</Filter>
    </ClCompile>
    <ClCompile Include="..\Src\SensorMgr.c">
      <Filter>Source Files</Filter>
    </ClCompile>
    <ClCompile Include="..\Src\Uart.c">
      <Filter>Source Files</Filter>
    </ClCompile>
    <ClCompile Include="..\Src\TicToc.c">
      <Filter>Source Files</Filter>
    </ClCompile>
    <ClCompile Include="..\Src\InputCapture.c">
      <Filter>Source Files</Filter>
    </ClCompile>
    <ClCompile Include="..\..\..\STM32Cube_FW_F4_V1.24.0\Drivers\STM32F4xx_HAL_Driver\Src\stm32f4xx_hal.c">
      <Filter>HAL Source</Filter>
    </ClCompile>
    <ClCompile Include="..\..\..\STM32Cube_FW_F4_V1.24.0\Drivers\STM32F4xx_HAL_Driver\Src\stm32f4xx_hal_adc.c">
      <Filter>HAL Source</Filter>
    </ClCompile>
    <ClCompile Include="..\..\..\STM32Cube_FW_F4_V1.24.0\Drivers\STM32F4xx_HAL_Driver\Src\stm32f4xx_hal_adc_ex.c">
      <Filter>HAL Source</Filter>
    </ClCompile>
    <ClCompile Include="..\..\..\STM32Cube_FW_F4_V1.24.0\Drivers\STM32F4xx_HAL_Driver\Src\stm32f4xx_hal_can.c">
      <Filter>HAL Source</Filter>
    </ClCompile>
    <ClCompile Include="..\..\..\STM32Cube_FW_F4_V1.24.0\Drivers\STM32F4xx_HAL_Driver\Src\stm32f4xx_hal_cec.c">
      <Filter>HAL Source</Filter>
    </ClCompile>
    <ClCompile Include="..\..\..\STM32Cube_FW_F4_V1.24.0\Drivers\STM32F4xx_HAL_Driver\Src\stm32f4xx_hal_cortex.c">
      <Filter>HAL Source</Filter>
    </ClCompile>
    <ClCompile Include="..\..\..\STM32Cube_FW_F4_V1.24.0\Drivers\STM32F4xx_HAL_Driver\Src\stm32f4xx_hal_crc.c">
      <Filter>HAL Source</Filter>
    </ClCompile>
    <ClCompile Include="..\..\..\STM32Cube_FW_F4_V1.24.0\Drivers\STM32F4xx_HAL_Driver\Src\stm32f4xx_hal_cryp.c">
      <Filter>HAL Source</Filter>
    </ClCompile>
    <ClCompile Include="..\..\..\STM32Cube_FW_F4_V1.24.0\Drivers\STM32F4xx_HAL_Driver\Src\stm32f4xx_hal_cryp_ex.c">
      <Filter>HAL Source</Filter>
    </ClCompile>
    <ClCompile Include="..\..\..\STM32Cube_FW_F4_V1.24.0\Drivers\STM32F4xx_HAL_Driver\Src\stm32f4xx_hal_dac.c">
      <Filter>HAL Source</Filter>
    </ClCompile>
    <ClCompile Include="..\..\..\STM32Cube_FW_F4_V1.24.0\Drivers\STM32F4xx_HAL_Driver\Src\stm32f4xx_hal_dac_ex.c">
      <Filter>HAL Source</Filter>
    </ClCompile>
    <ClCompile Include="..\..\..\STM32Cube_FW_F4_V1.24.0\Drivers\STM32F4xx_HAL_Driver\Src\stm32f4xx_hal_dcmi.c">
      <Filter>HAL Source</Filter>
    </ClCompile>
    <ClCompile Include="..\..\..\STM32Cube_FW_F4_V1.24.0\Drivers\STM32F4xx_HAL_Driver\Src\stm32f4xx_hal_dcmi_ex.c">
      <Filter>HAL Source</Filter>
    </ClCompile>
    <ClCompile Include="..\..\..\STM32Cube_FW_F4_V1.24.0\Drivers\STM32F4xx_HAL_Driver\Src\stm32f4xx_hal_dfsdm.c">
      <Filter>HAL Source</Filter>
    </ClCompile>
    <ClCompile Include="..\..\..\STM32Cube_FW_F4_V1.24.0\Drivers\STM32F4xx_HAL_Driver\Src\stm32f4xx_hal_dma.c">
      <Filter>HAL Source</Filter>
    </ClCompile>
    <ClCompile Include="..\..\..\STM32Cube_FW_F4_V1.24.0\Drivers\STM32F4xx_HAL_Driver\Src\stm32f4xx_hal_dma_ex.c">
      <Filter>HAL Source</Filter>
    </ClCompile>
    <ClCompile Include="..\..\..\STM32Cube_FW_F4_V1.24.0\Drivers\STM32F4xx_HAL_Driver\Src\stm32f4xx_hal_dma2d.c">
      <Filter>HAL Source</Filter>
    </ClCompile>
    <ClCompile Include="..\..\..\STM32Cube_FW_F4_V1.24.0\Drivers\STM32F4xx_HAL_Driver\Src\stm32f4xx_hal_dsi.c">
      <Filter>HAL Source</Filter>
    </ClCompile>
    <ClCompile Include="..\..\..\STM32Cube_FW_F4_V1.24.0\Drivers\STM32F4xx_HAL_Driver\Src\stm32f4xx_hal_eth.c">
      <Filter>HAL Source</Filter>
    </ClCompile>
    <ClCompile Include="..\..\..\STM32Cube_FW_F4_V1.24.0\Drivers\STM32F4xx_HAL_Driver\Src\stm32f4xx_hal_flash.c">
      <Filter>HAL Source</Filter>
    </ClCompile>
    <ClCompile Include="..\..\..\STM32Cube_FW_F4_V1.24.0\Drivers\STM32F4xx_HAL_Driver\Src\stm32f4xx_hal_flash_ex.c">
      <Filter>HAL Source</Filter>
    </ClCompile>
    <ClCompile Include="..\..\..\STM32Cube_FW_F4_V1.24.0\Drivers\STM32F4xx_HAL_Driver\Src\stm32f4xx_hal_flash_ramfunc.c">
      <Filter>HAL Source</Filter>
    </ClCompile>
    <ClCompile Include="..\..\..\STM32Cube_FW_F4_V1.24.0\Drivers\STM32F4xx_HAL_Driver\Src\stm32f4xx_hal_fmpi2c.c">
      <Filter>HAL Source</Filter>
    </ClCompile>
    <ClCompile Include="..\..\..\STM32Cube_FW_F4_V1.24.0\Drivers\STM32F4xx_HAL_Driver\Src\stm32f4xx_hal_fmpi2c_ex.c">
      <Filter>HAL Source</Filter>
    </ClCompile>
    <ClCompile Include="..\..\..\STM32Cube_FW_F4_V1.24.0\Drivers\STM32F4xx_HAL_Driver\Src\stm32f4xx_hal_gpio.c">
      <Filter>HAL Source</Filter>
    </ClCompile>
    <ClCompile Include="..\..\..\STM32Cube_FW_F4_V1.24.0\Drivers\STM32F4xx_HAL_Driver\Src\stm32f4xx_hal_hash.c">
      <Filter>HAL Source</Filter>
    </ClCompile>
    <ClCompile Include="..\..\..\STM32Cube_FW_F4_V1.24.0\Drivers\STM32F4xx_HAL_Driver\Src\stm32f4xx_hal_hash_ex.c">
      <Filter>HAL Source</Filter>
    </ClCompile>
    <ClCompile Include="..\..\..\STM32Cube_FW_F4_V1.24.0\Drivers\STM32F4xx_HAL_Driver\Src\stm32f4xx_hal_hcd.c">
      <Filter>HAL Source</Filter>
    </ClCompile>
    <ClCompile Include="..\..\..\STM32Cube_FW_F4_V1.24.0\Drivers\STM32F4xx_HAL_Driver\Src\stm32f4xx_hal_i2c.c">
      <Filter>HAL Source</Filter>
    </ClCompile>
    <ClCompile Include="..\..\..\STM32Cube_FW_F4_V1.24.0\Drivers\STM32F4xx_HAL_Driver\Src\stm32f4xx_hal_i2c_ex.c">
      <Filter>HAL Source</Filter>
    </ClCompile>
    <ClCompile Include="..\..\..\STM32Cube_FW_F4_V1.24.0\Drivers\STM32F4xx_HAL_Driver\Src\stm32f4xx_hal_i2s.c">
      <Filter>HAL Source</Filter>
    </ClCompile>
    <ClCompile Include="..\..\..\STM32Cube_FW_F4_V1.24.0\Drivers\STM32F4xx_HAL_Driver\Src\stm32f4xx_hal_i2s_ex.c">
      <Filter>HAL Source</Filter>
    </ClCompile>
    <ClCompile Include="..\..\..\STM32Cube_FW_F4_V1.24.0\Drivers\STM32F4xx_HAL_Driver\Src\stm32f4xx_hal_irda.c">
      <Filter>HAL Source</Filter>
    </ClCompile>
    <ClCompile Include="..\..\..\STM32Cube_FW_F4_V1.24.0\Drivers\STM32F4xx_HAL_Driver\Src\stm32f4xx_hal_iwdg.c">
      <Filter>HAL Source</Filter>
    </ClCompile>
    <ClCompile Include="..\..\..\STM32Cube_FW_F4_V1.24.0\Drivers\STM32F4xx_HAL_Driver\Src\stm32f4xx_hal_lptim.c">
      <Filter>HAL Source</Filter>
    </ClCompile>
    <ClCompile Include="..\..\..\STM32Cube_FW_F4_V1.24.0\Drivers\STM32F4xx_HAL_Driver\Src\stm32f4xx_hal_ltdc.c">
      <Filter>HAL Source</Filter>
    </ClCompile>
    <ClCompile Include="..\..\..\STM32Cube_FW_F4_V1.24.0\Drivers\STM32F4xx_HAL_Driver\Src\stm32f4xx_hal_ltdc_ex.c">
      <Filter>HAL Source</Filter>
    </ClCompile>
    <ClCompile Include="..\..\..\STM32Cube_FW_F4_V1.24.0\Drivers\STM32F4xx_HAL_Driver\Src\stm32f4xx_hal_msp_template.c">
      <Filter>HAL Source</Filter>
    </ClCompile>
    <ClCompile Include="..\..\..\STM32Cube_FW_F4_V1.24.0\Drivers\STM32F4xx_HAL_Driver\Src\stm32f4xx_hal_nand.c">
      <Filter>HAL Source</Filter>
    </ClCompile>
    <ClCompile Include="..\..\..\STM32Cube_FW_F4_V1.24.0\Drivers\STM32F4xx_HAL_Driver\Src\stm32f4xx_hal_nor.c">
      <Filter>HAL Source</Filter>
    </ClCompile>
    <ClCompile Include="..\..\..\STM32Cube_FW_F4_V1.24.0\Drivers\STM32F4xx_HAL_Driver\Src\stm32f4xx_hal_pccard.c">
      <Filter>HAL Source</Filter>
    </ClCompile>
    <ClCompile Include="..\..\..\STM32Cube_FW_F4_V1.24.0\Drivers\STM32F4xx_HAL_Driver\Src\stm32f4xx_hal_pcd.c">
      <Filter>HAL Source</Filter>
    </ClCompile>
    <ClCompile Include="..\..\..\STM32Cube_FW_F4_V1.24.0\Drivers\STM32F4xx_HAL_Driver\Src\stm32f4xx_hal_pcd_ex.c">
      <Filter>HAL Source</Filter>
    </ClCompile>
    <ClCompile Include="..\..\..\STM32Cube_FW_F4_V1.24.0\Drivers\STM32F4xx_HAL_Driver\Src\stm32f4xx_hal_pwr.c">
      <Filter>HAL Source</Filter>
    </ClCompile>
    <ClCompile Include="..\..\..\STM32Cube_FW_F4_V1.24.0\Drivers\STM32F4xx_HAL_Driver\Src\stm32f4xx_hal_pwr_ex.c">
      <Filter>HAL Source</Filter>
    </ClCompile>
    <ClCompile Include="..\..\..\STM32Cube_FW_F4_V1.24.0\Drivers\STM32F4xx_HAL_Driver\Src\stm32f4xx_hal_qspi.c">
      <Filter>HAL Source</Filter>
    </ClCompile>
    <ClCompile Include="..\..\..\STM32Cube_FW_F4_V1.24.0\Drivers\STM32F4xx_HAL_Driver\Src\stm32f4xx_hal_rcc.c">
      <Filter>HAL Source</Filter>
    </ClCompile>
    <ClCompile Include="..\..\..\STM32Cube_FW_F4_V1.24.0\Drivers\STM32F4xx_HAL_Driver\Src\stm32f4xx_hal_rcc_ex.c">
      <Filter>HAL Source</Filter>
    </ClCompile>
    <ClCompile Include="..\..\..\STM32Cube_FW_F4_V1.24.0\Drivers\STM32F4xx_HAL_Driver\Src\stm32f4xx_hal_rng.c">
      <Filter>HAL Source</Filter>
    </ClCompile>
    <ClCompile Include="..\..\..\STM32Cube_FW_F4_V1.24.0\Drivers\STM32F4xx_HAL_Driver\Src\stm32f4xx_hal_rtc.c">
      <Filter>HAL Source</Filter>
    </ClCompile>
    <ClCompile Include="..\..\..\STM32Cube_FW_F4_V1.24.0\Drivers\STM32F4xx_HAL_Driver\Src\stm32f4xx_hal_rtc_ex.c">
      <Filter>HAL Source</Filter>
    </ClCompile>
    <ClCompile Include="..\..\..\STM32Cube_FW_F4_V1.24.0\Drivers\STM32F4xx_HAL_Driver\Src\stm32f4xx_hal_sai.c">
      <Filter>HAL Source</Filter>
    </ClCompile>
    <ClCompile Include="..\..\..\STM32Cube_FW_F4_V1.24.0\Drivers\STM32F4xx_HAL_Driver\Src\stm32f4xx_hal_sai_ex.c">
      <Filter>HAL Source</Filter>
    </ClCompile>
    <ClCompile Include="..\..\..\STM32Cube_FW_F4_V1.24.0\Drivers\STM32F4xx_HAL_Driver\Src\stm32f4xx_hal_sd.c">
      <Filter>HAL Source</Filter>
    </ClCompile>
    <ClCompile Include="..\..\..\STM32Cube_FW_F4_V1.24.0\Drivers\STM32F4xx_HAL_Driver\Src\stm32f4xx_hal_sdram.c">
      <Filter>HAL Source</Filter>
    </ClCompile>
    <ClCompile Include="..\..\..\STM32Cube_FW_F4_V1.24.0\Drivers\STM32F4xx_HAL_Driver\Src\stm32f4xx_hal_smartcard.c">
      <Filter>HAL Source</Filter>
    </ClCompile>
    <ClCompile Include="..\..\..\STM32Cube_FW_F4_V1.24.0\Drivers\STM32F4xx_HAL_Driver\Src\stm32f4xx_hal_spdifrx.c">
      <Filter>HAL Source</Filter>
    </ClCompile>
    <ClCompile Include="..\..\..\STM32Cube_FW_F4_V1.24.0\Drivers\STM32F4xx_HAL_Driver\Src\stm32f4xx_hal_spi.c">
      <Filter>HAL Source</Filter>
    </ClCompile>
    <ClCompile Include="..\..\..\STM32Cube_FW_F4_V1.24.0\Drivers\STM32F4xx_HAL_Driver\Src\stm32f4xx_hal_sram.c">
      <Filter>HAL Source</Filter>
    </ClCompile>
    <ClCompile Include="..\..\..\STM32Cube_FW_F4_V1.24.0\Drivers\STM32F4xx_HAL_Driver\Src\stm32f4xx_hal_tim.c">
      <Filter>HAL Source</Filter>
    </ClCompile>
    <ClCompile Include="..\..\..\STM32Cube_FW_F4_V1.24.0\Drivers\STM32F4xx_HAL_Driver\Src\stm32f4xx_hal_tim_ex.c">
      <Filter>HAL Source</Filter>
    </ClCompile>
    <ClCompile Include="..\..\..\STM32Cube_FW_F4_V1.24.0\Drivers\STM32F4xx_HAL_Driver\Src\stm32f4xx_hal_timebase_rtc_alarm_template.c">
      <Filter>HAL Source</Filter>
    </ClCompile>
    <ClCompile Include="..\..\..\STM32Cube_FW_F4_V1.24.0\Drivers\STM32F4xx_HAL_Driver\Src\stm32f4xx_hal_timebase_rtc_wakeup_template.c">
      <Filter>HAL Source</Filter>
    </ClCompile>
    <ClCompile Include="..\..\..\STM32Cube_FW_F4_V1.24.0\Drivers\STM32F4xx_HAL_Driver\Src\stm32f4xx_hal_timebase_tim_template.c">
      <Filter>HAL Source</Filter>
    </ClCompile>
    <ClCompile Include="..\..\..\STM32Cube_FW_F4_V1.24.0\Drivers\STM32F4xx_HAL_Driver\Src\stm32f4xx_hal_uart.c">
      <Filter>HAL Source</Filter>
    </ClCompile>
    <ClCompile Include="..\..\..\STM32Cube_FW_F4_V1.24.0\Drivers\STM32F4xx_HAL_Driver\Src\stm32f4xx_hal_usart.c">
      <Filter>HAL Source</Filter>
    </ClCompile>
    <ClCompile Include="..\..\..\STM32Cube_FW_F4_V1.24.0\Drivers\STM32F4xx_HAL_Driver\Src\stm32f4xx_hal_wwdg.c">
      <Filter>HAL Source</Filter>
    </ClCompile>
    <ClCompile Include="..\..\..\STM32Cube_FW_F4_V1.24.0\Drivers\STM32F4xx_HAL_Driver\Src\stm32f4xx_ll_fmc.c">
      <Filter>HAL Source</Filter>
    </ClCompile>
    <ClCompile Include="..\..\..\STM32Cube_FW_F4_V1.24.0\Drivers\STM32F4xx_HAL_Driver\Src\stm32f4xx_ll_fsmc.c">
      <Filter>HAL Source</Filter>
    </ClCompile>
    <ClCompile Include="..\..\..\STM32Cube_FW_F4_V1.24.0\Drivers\STM32F4xx_HAL_Driver\Src\stm32f4xx_ll_sdmmc.c">
      <Filter>HAL Source</Filter>
    </ClCompile>
    <ClCompile Include="..\..\..\STM32Cube_FW_F4_V1.24.0\Drivers\STM32F4xx_HAL_Driver\Src\stm32f4xx_ll_usb.c">
      <Filter>HAL Source</Filter>
    </ClCompile>
    <ClCompile Include="..\Src\NeoPixel.c">
      <Filter>Source Files</Filter>
    </ClCompile>
    <ClCompile Include="..\Src\MotorDriver.c">
      <Filter>Source Files</Filter>
    </ClCompile>
    <ClCompile Include="..\Src\SpeedSensor.c">
      <Filter>Source Files</Filter>
    </ClCompile>
    <ClCompile Include="..\Src\FlashE2p.c">
      <Filter>Source Files</Filter>
    </ClCompile>
    <ClCompile Include="..\Src\RadioReceive.c">
      <Filter>Source Files</Filter>
    </ClCompile>
    <ClCompile Include="..\Src\stm32f4xx_hal_msp.c">
      <Filter>Source Files</Filter>
    </ClCompile>
    <ClCompile Include="..\Src\Modbus.c">
      <Filter>Source Files</Filter>
    </ClCompile>
    <ClCompile Include="..\Src\ExportedSignals.c">
      <Filter>Source Files</Filter>
    </ClCompile>
    <ClCompile Include="..\Src\Rtc.c">
      <Filter>Source Files</Filter>
    </ClCompile>
    <ClCompile Include="..\Src\Usb.c">
      <Filter>Source Files</Filter>
    </ClCompile>
    <ClCompile Include="..\Src\usbh_conf.c">
      <Filter>Source Files</Filter>
    </ClCompile>
    <ClCompile Include="..\Src\usbh_diskio_dma.c">
      <Filter>Source Files</Filter>
    </ClCompile>
    <ClCompile Include="..\..\..\STM32Cube_FW_F4_V1.24.0\Middlewares\Third_Party\FatFs\src\diskio.c">
      <Filter>FatFs Source</Filter>
    </ClCompile>
    <ClCompile Include="..\..\..\STM32Cube_FW_F4_V1.24.0\Middlewares\Third_Party\FatFs\src\ff.c">
      <Filter>FatFs Source</Filter>
    </ClCompile>
    <ClCompile Include="..\..\..\STM32Cube_FW_F4_V1.24.0\Middlewares\Third_Party\FatFs\src\ff_gen_drv.c">
      <Filter>FatFs Source</Filter>
    </ClCompile>
    <ClCompile Include="..\..\..\STM32Cube_FW_F4_V1.24.0\Middlewares\ST\STM32_USB_Host_Library\Core\Src\usbh_conf_template.c">
      <Filter>STM32_USB_Host_Library\Core</Filter>
    </ClCompile>
    <ClCompile Include="..\..\..\STM32Cube_FW_F4_V1.24.0\Middlewares\ST\STM32_USB_Host_Library\Core\Src\usbh_core.c">
      <Filter>STM32_USB_Host_Library\Core</Filter>
    </ClCompile>
    <ClCompile Include="..\..\..\STM32Cube_FW_F4_V1.24.0\Middlewares\ST\STM32_USB_Host_Library\Core\Src\usbh_ctlreq.c">
      <Filter>STM32_USB_Host_Library\Core</Filter>
    </ClCompile>
    <ClCompile Include="..\..\..\STM32Cube_FW_F4_V1.24.0\Middlewares\ST\STM32_USB_Host_Library\Core\Src\usbh_ioreq.c">
      <Filter>STM32_USB_Host_Library\Core</Filter>
    </ClCompile>
    <ClCompile Include="..\..\..\STM32Cube_FW_F4_V1.24.0\Middlewares\ST\STM32_USB_Host_Library\Core\Src\usbh_pipes.c">
      <Filter>STM32_USB_Host_Library\Core</Filter>
    </ClCompile>
    <ClCompile Include="..\..\..\STM32Cube_FW_F4_V1.24.0\Middlewares\ST\STM32_USB_Host_Library\Class\MSC\Src\usbh_msc.c">
      <Filter>STM32_USB_Host_Library\MSC</Filter>
    </ClCompile>
    <ClCompile Include="..\..\..\STM32Cube_FW_F4_V1.24.0\Middlewares\ST\STM32_USB_Host_Library\Class\MSC\Src\usbh_msc_bot.c">
      <Filter>STM32_USB_Host_Library\MSC</Filter>
    </ClCompile>
    <ClCompile Include="..\..\..\STM32Cube_FW_F4_V1.24.0\Middlewares\ST\STM32_USB_Host_Library\Class\MSC\Src\usbh_msc_scsi.c">
      <Filter>STM32_USB_Host_Library\MSC</Filter>
    </ClCompile>
    <ClCompile Include="..\Src\app_ethernet.c">
      <Filter>Source Files</Filter>
    </ClCompile>
    <ClCompile Include="..\Src\ethernetif.c">
      <Filter>Source Files</Filter>
    </ClCompile>
    <ClCompile Include="..\Src\Network.c">
      <Filter>Source Files</Filter>
    </ClCompile>
    <ClCompile Include="..\Src\tcp_echoserver.c">
      <Filter>Source Files</Filter>
    </ClCompile>
    <ClCompile Include="..\..\..\STM32Cube_FW_F4_V1.24.0\Middlewares\Third_Party\LwIP\src\core\ipv4\autoip.c">
      <Filter>LwIP\core\ipv4</Filter>
    </ClCompile>
    <ClCompile Include="..\..\..\STM32Cube_FW_F4_V1.24.0\Middlewares\Third_Party\LwIP\src\core\ipv4\dhcp.c">
      <Filter>LwIP\core\ipv4</Filter>
    </ClCompile>
    <ClCompile Include="..\..\..\STM32Cube_FW_F4_V1.24.0\Middlewares\Third_Party\LwIP\src\core\ipv4\etharp.c">
      <Filter>LwIP\core\ipv4</Filter>
    </ClCompile>
    <ClCompile Include="..\..\..\STM32Cube_FW_F4_V1.24.0\Middlewares\Third_Party\LwIP\src\core\ipv4\icmp.c">
      <Filter>LwIP\core\ipv4</Filter>
    </ClCompile>
    <ClCompile Include="..\..\..\STM32Cube_FW_F4_V1.24.0\Middlewares\Third_Party\LwIP\src\core\ipv4\igmp.c">
      <Filter>LwIP\core\ipv4</Filter>
    </ClCompile>
    <ClCompile Include="..\..\..\STM32Cube_FW_F4_V1.24.0\Middlewares\Third_Party\LwIP\src\core\ipv4\ip4.c">
      <Filter>LwIP\core\ipv4</Filter>
    </ClCompile>
    <ClCompile Include="..\..\..\STM32Cube_FW_F4_V1.24.0\Middlewares\Third_Party\LwIP\src\core\ipv4\ip4_addr.c">
      <Filter>LwIP\core\ipv4</Filter>
    </ClCompile>
    <ClCompile Include="..\..\..\STM32Cube_FW_F4_V1.24.0\Middlewares\Third_Party\LwIP\src\core\ipv4\ip4_frag.c">
      <Filter>LwIP\core\ipv4</Filter>
    </ClCompile>
    <ClCompile Include="..\..\..\STM32Cube_FW_F4_V1.24.0\Middlewares\Third_Party\LwIP\src\core\def.c">
      <Filter>LwIP\core</Filter>
    </ClCompile>
    <ClCompile Include="..\..\..\STM32Cube_FW_F4_V1.24.0\Middlewares\Third_Party\LwIP\src\core\dns.c">
      <Filter>LwIP\core</Filter>
    </ClCompile>
    <ClCompile Include="..\..\..\STM32Cube_FW_F4_V1.24.0\Middlewares\Third_Party\LwIP\src\core\inet_chksum.c">
      <Filter>LwIP\core</Filter>
    </ClCompile>
    <ClCompile Include="..\..\..\STM32Cube_FW_F4_V1.24.0\Middlewares\Third_Party\LwIP\src\core\init.c">
      <Filter>LwIP\core</Filter>
    </ClCompile>
    <ClCompile Include="..\..\..\STM32Cube_FW_F4_V1.24.0\Middlewares\Third_Party\LwIP\src\core\ip.c">
      <Filter>LwIP\core</Filter>
    </ClCompile>
    <ClCompile Include="..\..\..\STM32Cube_FW_F4_V1.24.0\Middlewares\Third_Party\LwIP\src\core\mem.c">
      <Filter>LwIP\core</Filter>
    </ClCompile>
    <ClCompile Include="..\..\..\STM32Cube_FW_F4_V1.24.0\Middlewares\Third_Party\LwIP\src\core\memp.c">
      <Filter>LwIP\core</Filter>
    </ClCompile>
    <ClCompile Include="..\..\..\STM32Cube_FW_F4_V1.24.0\Middlewares\Third_Party\LwIP\src\core\netif.c">
      <Filter>LwIP\core</Filter>
    </ClCompile>
    <ClCompile Include="..\..\..\STM32Cube_FW_F4_V1.24.0\Middlewares\Third_Party\LwIP\src\core\pbuf.c">
      <Filter>LwIP\core</Filter>
    </ClCompile>
    <ClCompile Include="..\..\..\STM32Cube_FW_F4_V1.24.0\Middlewares\Third_Party\LwIP\src\core\raw.c">
      <Filter>LwIP\core</Filter>
    </ClCompile>
    <ClCompile Include="..\..\..\STM32Cube_FW_F4_V1.24.0\Middlewares\Third_Party\LwIP\src\core\stats.c">
      <Filter>LwIP\core</Filter>
    </ClCompile>
    <ClCompile Include="..\..\..\STM32Cube_FW_F4_V1.24.0\Middlewares\Third_Party\LwIP\src\core\sys.c">
      <Filter>LwIP\core</Filter>
    </ClCompile>
    <ClCompile Include="..\..\..\STM32Cube_FW_F4_V1.24.0\Middlewares\Third_Party\LwIP\src\core\tcp.c">
      <Filter>LwIP\core</Filter>
    </ClCompile>
    <ClCompile Include="..\..\..\STM32Cube_FW_F4_V1.24.0\Middlewares\Third_Party\LwIP\src\core\tcp_in.c">
      <Filter>LwIP\core</Filter>
    </ClCompile>
    <ClCompile Include="..\..\..\STM32Cube_FW_F4_V1.24.0\Middlewares\Third_Party\LwIP\src\core\tcp_out.c">
      <Filter>LwIP\core</Filter>
    </ClCompile>
    <ClCompile Include="..\..\..\STM32Cube_FW_F4_V1.24.0\Middlewares\Third_Party\LwIP\src\core\timeouts.c">
      <Filter>LwIP\core</Filter>
    </ClCompile>
    <ClCompile Include="..\..\..\STM32Cube_FW_F4_V1.24.0\Middlewares\Third_Party\LwIP\src\core\udp.c">
      <Filter>LwIP\core</Filter>
    </ClCompile>
  </ItemGroup>
  <ItemGroup>
    <ClInclude Include="..\Inc\Adc.h">
      <Filter>Header Files</Filter>
    </ClInclude>
    <ClInclude Include="..\Inc\Crc.h">
      <Filter>Header Files</Filter>
    </ClInclude>
    <ClInclude Include="..\Inc\ErrorHandler.h">
      <Filter>Header Files</Filter>
    </ClInclude>
    <ClInclude Include="..\Inc\FlashE2p.h">
      <Filter>Header Files</Filter>
    </ClInclude>
    <ClInclude Include="..\Inc\InputCapture.h">
      <Filter>Header Files</Filter>
    </ClInclude>
    <ClInclude Include="..\Inc\main.h">
      <Filter>Header Files</Filter>
    </ClInclude>
    <ClInclude Include="..\Inc\MotorDriver.h">
      <Filter>Header Files</Filter>
    </ClInclude>
    <ClInclude Include="..\Inc\NeoPixel.h">
      <Filter>Header Files</Filter>
    </ClInclude>
    <ClInclude Include="..\Inc\ProjectDefs.h">
      <Filter>Header Files</Filter>
    </ClInclude>
    <ClInclude Include="..\Inc\Pwm.h">
      <Filter>Header Files</Filter>
    </ClInclude>
    <ClInclude Include="..\Inc\RadioReceive.h">
      <Filter>Header Files</Filter>
    </ClInclude>
    <ClInclude Include="..\Inc\RadioTransmit.h">
      <Filter>Header Files</Filter>
    </ClInclude>
    <ClInclude Include="..\Inc\SensorMgr.h">
      <Filter>Header Files</Filter>
    </ClInclude>
    <ClInclude Include="..\Inc\SpeedSensor.h">
      <Filter>Header Files</Filter>
    </ClInclude>
    <ClInclude Include="..\Inc\stm32f4xx_hal_conf.h">
      <Filter>Header Files</Filter>
    </ClInclude>
    <ClInclude Include="..\Inc\stm32f4xx_it.h">
      <Filter>Header Files</Filter>
    </ClInclude>
    <ClInclude Include="..\Inc\TicToc.h">
      <Filter>Header Files</Filter>
    </ClInclude>
    <ClInclude Include="..\Inc\Uart.h">
      <Filter>Header Files</Filter>
    </ClInclude>
    <ClInclude Include="..\Inc\Util.h">
      <Filter>Header Files</Filter>
    </ClInclude>
    <ClInclude Include="..\Inc\Modbus.h">
      <Filter>Header Files</Filter>
    </ClInclude>
    <ClInclude Include="..\Inc\ExportedSignals.h">
      <Filter>Header Files</Filter>
    </ClInclude>
    <ClInclude Include="..\Inc\Rtc.h">
      <Filter>Header Files</Filter>
    </ClInclude>
    <ClInclude Include="..\Inc\ffconf.h">
      <Filter>Header Files</Filter>
    </ClInclude>
    <ClInclude Include="..\Inc\usbh_conf.h">
      <Filter>Header Files</Filter>
    </ClInclude>
    <ClInclude Include="..\Inc\usbh_diskio_dma.h">
      <Filter>Header Files</Filter>
    </ClInclude>
    <ClInclude Include="..\..\..\STM32Cube_FW_F4_V1.24.0\Middlewares\Third_Party\FatFs\src\diskio.h">
      <Filter>FatFs Source</Filter>
    </ClInclude>
    <ClInclude Include="..\..\..\STM32Cube_FW_F4_V1.24.0\Middlewares\Third_Party\FatFs\src\ff.h">
      <Filter>FatFs Source</Filter>
    </ClInclude>
    <ClInclude Include="..\..\..\STM32Cube_FW_F4_V1.24.0\Middlewares\Third_Party\FatFs\src\ff_gen_drv.h">
      <Filter>FatFs Source</Filter>
    </ClInclude>
    <ClInclude Include="..\..\..\STM32Cube_FW_F4_V1.24.0\Middlewares\Third_Party\FatFs\src\ffconf_template.h">
      <Filter>FatFs Source</Filter>
    </ClInclude>
    <ClInclude Include="..\..\..\STM32Cube_FW_F4_V1.24.0\Middlewares\Third_Party\FatFs\src\integer.h">
      <Filter>FatFs Source</Filter>
    </ClInclude>
    <ClInclude Include="..\Inc\Usb.h">
      <Filter>Header Files</Filter>
    </ClInclude>
    <ClInclude Include="..\Inc\app_ethernet.h">
      <Filter>Header Files</Filter>
    </ClInclude>
    <ClInclude Include="..\Inc\ethernetif.h">
      <Filter>Header Files</Filter>
    </ClInclude>
    <ClInclude Include="..\Inc\lwipopts.h">
      <Filter>Header Files</Filter>
    </ClInclude>
    <ClInclude Include="..\Inc\tcp_echoserver.h">
      <Filter>Header Files</Filter>
    </ClInclude>
    <ClInclude Include="..\Inc\Network.h">
      <Filter>Header Files</Filter>
    </ClInclude>
  </ItemGroup>
  <ItemGroup>
    <Text Include="..\..\..\STM32Cube_FW_F4_V1.24.0\Middlewares\Third_Party\FatFs\src\00history.txt">
      <Filter>FatFs Source</Filter>
    </Text>
    <Text Include="..\..\..\STM32Cube_FW_F4_V1.24.0\Middlewares\Third_Party\FatFs\src\00readme.txt">
      <Filter>FatFs Source</Filter>
    </Text>
    <Text Include="..\..\..\STM32Cube_FW_F4_V1.24.0\Middlewares\Third_Party\FatFs\src\st_readme.txt">
      <Filter>FatFs Source</Filter>
    </Text>
  </ItemGroup>
</Project>