<?xml version="1.0" encoding="utf-8"?>
<Project ToolsVersion="4.0" xmlns="http://schemas.microsoft.com/developer/msbuild/2003">
  <ItemGroup>
    <ClCompile Include="UnitTest_main.c" />
    <ClCompile Include="..\..\Src\Crc.c">
      <Filter>TestObjects</Filter>
    </ClCompile>
    <ClCompile Include="..\..\Src\Util.c">
      <Filter>TestObjects</Filter>
    </ClCompile>
    <ClCompile Include="UnitTest_Crc.c" />
    <ClCompile Include="UnitTest_Util.c" />
    <ClCompile Include="UnitTest_FlashE2p.c" />
    <ClCompile Include="..\..\Src\FlashE2p.c">
      <Filter>TestObjects</Filter>
    </ClCompile>
  </ItemGroup>
  <ItemGroup>
    <Filter Include="TestObjects">
      <UniqueIdentifier>{e4908f68-3e0d-4c2d-aa6a-a47636e5d10f}</UniqueIdentifier>
    </Filter>
  </ItemGroup>
  <ItemGroup>
    <ClInclude Include="UnitTest.h" />
    <ClInclude Include="UnitTestDefs.h" />
  </ItemGroup>
</Project>